
Microsoft Visual Studio Solution File, Format Version 12.00
# Visual Studio 14
VisualStudioVersion = 14.0.25420.1
MinimumVisualStudioVersion = 10.0.40219.1
Project("{8BC9CEB8-8B4A-11D0-8D11-00A0C91BC942}") = "Main", "Main\Main.vcxproj", "{C5F80730-F44F-4478-BDAE-6634EFC2CA88}"
EndProject
Project("{8BC9CEB8-8B4A-11D0-8D11-00A0C91BC942}") = "DeviceTest", "DeviceTest\DeviceTest.vcxproj", "{A619895C-36E6-49B3-9DD1-14F91FBE924C}"
EndProject
Project("{8BC9CEB8-8B4A-11D0-8D11-00A0C91BC942}") = "WallTest", "libraries\Wall\src\WallTest.vcxproj", "{BF8BF064-8F98-4DA4-BBAE-A0002095BF12}"
EndProject
Global
	GlobalSection(SolutionConfigurationPlatforms) = preSolution
		Debug|ARM = Debug|ARM
		Debug|x64 = Debug|x64
		Debug|x86 = Debug|x86
		Release|ARM = Release|ARM
		Release|x64 = Release|x64
		Release|x86 = Release|x86
	EndGlobalSection
	GlobalSection(ProjectConfigurationPlatforms) = postSolution
		{C5F80730-F44F-4478-BDAE-6634EFC2CA88}.Debug|ARM.ActiveCfg = Debug|Win32
		{C5F80730-F44F-4478-BDAE-6634EFC2CA88}.Debug|x64.ActiveCfg = Debug|Win32
		{C5F80730-F44F-4478-BDAE-6634EFC2CA88}.Debug|x86.ActiveCfg = Debug|Win32
		{C5F80730-F44F-4478-BDAE-6634EFC2CA88}.Debug|x86.Build.0 = Debug|Win32
		{C5F80730-F44F-4478-BDAE-6634EFC2CA88}.Release|ARM.ActiveCfg = Release|Win32
		{C5F80730-F44F-4478-BDAE-6634EFC2CA88}.Release|x64.ActiveCfg = Release|Win32
		{C5F80730-F44F-4478-BDAE-6634EFC2CA88}.Release|x86.ActiveCfg = Release|Win32
		{C5F80730-F44F-4478-BDAE-6634EFC2CA88}.Release|x86.Build.0 = Release|Win32
		{A619895C-36E6-49B3-9DD1-14F91FBE924C}.Debug|ARM.ActiveCfg = Debug|Win32
		{A619895C-36E6-49B3-9DD1-14F91FBE924C}.Debug|x64.ActiveCfg = Debug|Win32
		{A619895C-36E6-49B3-9DD1-14F91FBE924C}.Debug|x86.ActiveCfg = Debug|Win32
		{A619895C-36E6-49B3-9DD1-14F91FBE924C}.Debug|x86.Build.0 = Debug|Win32
		{A619895C-36E6-49B3-9DD1-14F91FBE924C}.Release|ARM.ActiveCfg = Release|Win32
		{A619895C-36E6-49B3-9DD1-14F91FBE924C}.Release|x64.ActiveCfg = Release|Win32
		{A619895C-36E6-49B3-9DD1-14F91FBE924C}.Release|x86.ActiveCfg = Release|Win32
		{A619895C-36E6-49B3-9DD1-14F91FBE924C}.Release|x86.Build.0 = Release|Win32
		{BF8BF064-8F98-4DA4-BBAE-A0002095BF12}.Debug|ARM.ActiveCfg = Debug|Win32
		{BF8BF064-8F98-4DA4-BBAE-A0002095BF12}.Debug|x64.ActiveCfg = Debug|x64
		{BF8BF064-8F98-4DA4-BBAE-A0002095BF12}.Debug|x64.Build.0 = Debug|x64
		{BF8BF064-8F98-4DA4-BBAE-A0002095BF12}.Debug|x86.ActiveCfg = Debug|Win32
		{BF8BF064-8F98-4DA4-BBAE-A0002095BF12}.Debug|x86.Build.0 = Debug|Win32
		{BF8BF064-8F98-4DA4-BBAE-A0002095BF12}.Release|ARM.ActiveCfg = Release|Win32
		{BF8BF064-8F98-4DA4-BBAE-A0002095BF12}.Release|x64.ActiveCfg = Release|x64
		{BF8BF064-8F98-4DA4-BBAE-A0002095BF12}.Release|x64.Build.0 = Release|x64
		{BF8BF064-8F98-4DA4-BBAE-A0002095BF12}.Release|x86.ActiveCfg = Release|Win32
		{BF8BF064-8F98-4DA4-BBAE-A0002095BF12}.Release|x86.Build.0 = Release|Win32
	EndGlobalSection
	GlobalSection(SolutionProperties) = preSolution
		HideSolutionNode = FALSE
	EndGlobalSection
EndGlobal
